// !$*UTF8*$!
{
	archiveVersion = 1;
	classes = {
	};
	objectVersion = 56;
	objects = {

/* Begin PBXBuildFile section */
		FAC648E92BE11B37001231E2 /* DetailVC.swift in Sources */ = {isa = PBXBuildFile; fileRef = FAC648E82BE11B37001231E2 /* DetailVC.swift */; };
		FAC648EB2BE11C05001231E2 /* DetailBeerView.swift in Sources */ = {isa = PBXBuildFile; fileRef = FAC648EA2BE11C05001231E2 /* DetailBeerView.swift */; };
		FAC648ED2BE11D79001231E2 /* SearchVCPresenter.swift in Sources */ = {isa = PBXBuildFile; fileRef = FAC648EC2BE11D79001231E2 /* SearchVCPresenter.swift */; };
		FAC648EF2BE12593001231E2 /* RandomVCPresenter.swift in Sources */ = {isa = PBXBuildFile; fileRef = FAC648EE2BE12592001231E2 /* RandomVCPresenter.swift */; };
		FADA07222BDBE7B100DA461E /* AppDelegate.swift in Sources */ = {isa = PBXBuildFile; fileRef = FADA07212BDBE7B100DA461E /* AppDelegate.swift */; };
		FADA07242BDBE7B100DA461E /* SceneDelegate.swift in Sources */ = {isa = PBXBuildFile; fileRef = FADA07232BDBE7B100DA461E /* SceneDelegate.swift */; };
		FADA07262BDBE7B100DA461E /* TabBarController.swift in Sources */ = {isa = PBXBuildFile; fileRef = FADA07252BDBE7B100DA461E /* TabBarController.swift */; };
		FADA072B2BDBE7B600DA461E /* Assets.xcassets in Resources */ = {isa = PBXBuildFile; fileRef = FADA072A2BDBE7B600DA461E /* Assets.xcassets */; };
		FADA072E2BDBE7B600DA461E /* Base in Resources */ = {isa = PBXBuildFile; fileRef = FADA072D2BDBE7B600DA461E /* Base */; };
		FADA07432BDBF92E00DA461E /* BeerDataSet.json in Resources */ = {isa = PBXBuildFile; fileRef = FADA07422BDBF92E00DA461E /* BeerDataSet.json */; };
		FADA07452BDBF99300DA461E /* BeersListVC.swift in Sources */ = {isa = PBXBuildFile; fileRef = FADA07442BDBF99300DA461E /* BeersListVC.swift */; };
		FADA07472BDBF9A500DA461E /* SearchVC.swift in Sources */ = {isa = PBXBuildFile; fileRef = FADA07462BDBF9A500DA461E /* SearchVC.swift */; };
		FADA07492BDBF9B800DA461E /* RandomBeerVC.swift in Sources */ = {isa = PBXBuildFile; fileRef = FADA07482BDBF9B800DA461E /* RandomBeerVC.swift */; };
		FADA074B2BDBFB4300DA461E /* BeerListVcRequest.swift in Sources */ = {isa = PBXBuildFile; fileRef = FADA074A2BDBFB4300DA461E /* BeerListVcRequest.swift */; };
		FADA074F2BDBFD3900DA461E /* BeerCell.swift in Sources */ = {isa = PBXBuildFile; fileRef = FADA074E2BDBFD3900DA461E /* BeerCell.swift */; };
		FADA07522BDD54A600DA461E /* BeersModel.swift in Sources */ = {isa = PBXBuildFile; fileRef = FADA07512BDD54A600DA461E /* BeersModel.swift */; };
		FADA07542BDD54EE00DA461E /* BeerListPresenter.swift in Sources */ = {isa = PBXBuildFile; fileRef = FADA07532BDD54EE00DA461E /* BeerListPresenter.swift */; };
		FAF51E152BF8ED5500516FA4 /* SnapKit in Frameworks */ = {isa = PBXBuildFile; productRef = FAF51E142BF8ED5500516FA4 /* SnapKit */; };
		FAF51E182BF8ED6000516FA4 /* Kingfisher in Frameworks */ = {isa = PBXBuildFile; productRef = FAF51E172BF8ED6000516FA4 /* Kingfisher */; };
/* End PBXBuildFile section */

/* Begin PBXFileReference section */
		FAC648E82BE11B37001231E2 /* DetailVC.swift */ = {isa = PBXFileReference; lastKnownFileType = sourcecode.swift; path = DetailVC.swift; sourceTree = "<group>"; };
		FAC648EA2BE11C05001231E2 /* DetailBeerView.swift */ = {isa = PBXFileReference; lastKnownFileType = sourcecode.swift; path = DetailBeerView.swift; sourceTree = "<group>"; };
		FAC648EC2BE11D79001231E2 /* SearchVCPresenter.swift */ = {isa = PBXFileReference; lastKnownFileType = sourcecode.swift; path = SearchVCPresenter.swift; sourceTree = "<group>"; };
		FAC648EE2BE12592001231E2 /* RandomVCPresenter.swift */ = {isa = PBXFileReference; lastKnownFileType = sourcecode.swift; path = RandomVCPresenter.swift; sourceTree = "<group>"; };
		FADA071E2BDBE7B100DA461E /* AlexBeerShop_MVP.app */ = {isa = PBXFileReference; explicitFileType = wrapper.application; includeInIndex = 0; path = AlexBeerShop_MVP.app; sourceTree = BUILT_PRODUCTS_DIR; };
		FADA07212BDBE7B100DA461E /* AppDelegate.swift */ = {isa = PBXFileReference; lastKnownFileType = sourcecode.swift; path = AppDelegate.swift; sourceTree = "<group>"; };
		FADA07232BDBE7B100DA461E /* SceneDelegate.swift */ = {isa = PBXFileReference; lastKnownFileType = sourcecode.swift; path = SceneDelegate.swift; sourceTree = "<group>"; };
		FADA07252BDBE7B100DA461E /* TabBarController.swift */ = {isa = PBXFileReference; lastKnownFileType = sourcecode.swift; path = TabBarController.swift; sourceTree = "<group>"; };
		FADA072A2BDBE7B600DA461E /* Assets.xcassets */ = {isa = PBXFileReference; lastKnownFileType = folder.assetcatalog; path = Assets.xcassets; sourceTree = "<group>"; };
		FADA072D2BDBE7B600DA461E /* Base */ = {isa = PBXFileReference; lastKnownFileType = file.storyboard; name = Base; path = Base.lproj/LaunchScreen.storyboard; sourceTree = "<group>"; };
		FADA072F2BDBE7B600DA461E /* Info.plist */ = {isa = PBXFileReference; lastKnownFileType = text.plist.xml; path = Info.plist; sourceTree = "<group>"; };
		FADA07422BDBF92E00DA461E /* BeerDataSet.json */ = {isa = PBXFileReference; fileEncoding = 4; lastKnownFileType = text.json; path = BeerDataSet.json; sourceTree = "<group>"; };
		FADA07442BDBF99300DA461E /* BeersListVC.swift */ = {isa = PBXFileReference; lastKnownFileType = sourcecode.swift; path = BeersListVC.swift; sourceTree = "<group>"; };
		FADA07462BDBF9A500DA461E /* SearchVC.swift */ = {isa = PBXFileReference; lastKnownFileType = sourcecode.swift; path = SearchVC.swift; sourceTree = "<group>"; };
		FADA07482BDBF9B800DA461E /* RandomBeerVC.swift */ = {isa = PBXFileReference; lastKnownFileType = sourcecode.swift; path = RandomBeerVC.swift; sourceTree = "<group>"; };
		FADA074A2BDBFB4300DA461E /* BeerListVcRequest.swift */ = {isa = PBXFileReference; lastKnownFileType = sourcecode.swift; path = BeerListVcRequest.swift; sourceTree = "<group>"; };
		FADA074E2BDBFD3900DA461E /* BeerCell.swift */ = {isa = PBXFileReference; lastKnownFileType = sourcecode.swift; path = BeerCell.swift; sourceTree = "<group>"; };
		FADA07512BDD54A600DA461E /* BeersModel.swift */ = {isa = PBXFileReference; lastKnownFileType = sourcecode.swift; path = BeersModel.swift; sourceTree = "<group>"; };
		FADA07532BDD54EE00DA461E /* BeerListPresenter.swift */ = {isa = PBXFileReference; lastKnownFileType = sourcecode.swift; path = BeerListPresenter.swift; sourceTree = "<group>"; };
/* End PBXFileReference section */

/* Begin PBXFrameworksBuildPhase section */
		FADA071B2BDBE7B100DA461E /* Frameworks */ = {
			isa = PBXFrameworksBuildPhase;
			buildActionMask = 2147483647;
			files = (
				FAF51E182BF8ED6000516FA4 /* Kingfisher in Frameworks */,
				FAF51E152BF8ED5500516FA4 /* SnapKit in Frameworks */,
			);
			runOnlyForDeploymentPostprocessing = 0;
		};
/* End PBXFrameworksBuildPhase section */

/* Begin PBXGroup section */
		FADA07152BDBE7B100DA461E = {
			isa = PBXGroup;
			children = (
				FADA07202BDBE7B100DA461E /* AlexBeerShop_MVP */,
				FADA071F2BDBE7B100DA461E /* Products */,
			);
			sourceTree = "<group>";
		};
		FADA071F2BDBE7B100DA461E /* Products */ = {
			isa = PBXGroup;
			children = (
				FADA071E2BDBE7B100DA461E /* AlexBeerShop_MVP.app */,
			);
			name = Products;
			sourceTree = "<group>";
		};
		FADA07202BDBE7B100DA461E /* AlexBeerShop_MVP */ = {
			isa = PBXGroup;
			children = (
				FADA07412BDBE91600DA461E /* Models */,
				FADA073E2BDBE8DD00DA461E /* Views */,
				FADA073F2BDBE8E300DA461E /* Presenters */,
				FADA073D2BDBE8D000DA461E /* Application */,
				FADA07402BDBE8F500DA461E /* Resourses */,
				FADA072F2BDBE7B600DA461E /* Info.plist */,
			);
			path = AlexBeerShop_MVP;
			sourceTree = "<group>";
		};
		FADA073D2BDBE8D000DA461E /* Application */ = {
			isa = PBXGroup;
			children = (
				FADA07212BDBE7B100DA461E /* AppDelegate.swift */,
				FADA07232BDBE7B100DA461E /* SceneDelegate.swift */,
			);
			path = Application;
			sourceTree = "<group>";
		};
		FADA073E2BDBE8DD00DA461E /* Views */ = {
			isa = PBXGroup;
			children = (
				FADA074C2BDBFD1200DA461E /* Elements */,
				FADA074D2BDBFD2100DA461E /* Controllers */,
			);
			path = Views;
			sourceTree = "<group>";
		};
		FADA073F2BDBE8E300DA461E /* Presenters */ = {
			isa = PBXGroup;
			children = (
				FADA07532BDD54EE00DA461E /* BeerListPresenter.swift */,
				FAC648EC2BE11D79001231E2 /* SearchVCPresenter.swift */,
				FAC648EE2BE12592001231E2 /* RandomVCPresenter.swift */,
			);
			path = Presenters;
			sourceTree = "<group>";
		};
		FADA07402BDBE8F500DA461E /* Resourses */ = {
			isa = PBXGroup;
			children = (
				FADA07422BDBF92E00DA461E /* BeerDataSet.json */,
				FADA072A2BDBE7B600DA461E /* Assets.xcassets */,
				FADA072C2BDBE7B600DA461E /* LaunchScreen.storyboard */,
			);
			path = Resourses;
			sourceTree = "<group>";
		};
		FADA07412BDBE91600DA461E /* Models */ = {
			isa = PBXGroup;
			children = (
				FADA07502BDD548A00DA461E /* Networking */,
				FADA07512BDD54A600DA461E /* BeersModel.swift */,
			);
			path = Models;
			sourceTree = "<group>";
		};
		FADA074C2BDBFD1200DA461E /* Elements */ = {
			isa = PBXGroup;
			children = (
				FADA074E2BDBFD3900DA461E /* BeerCell.swift */,
				FAC648EA2BE11C05001231E2 /* DetailBeerView.swift */,
			);
			path = Elements;
			sourceTree = "<group>";
		};
		FADA074D2BDBFD2100DA461E /* Controllers */ = {
			isa = PBXGroup;
			children = (
				FADA07252BDBE7B100DA461E /* TabBarController.swift */,
				FADA07442BDBF99300DA461E /* BeersListVC.swift */,
				FADA07462BDBF9A500DA461E /* SearchVC.swift */,
				FADA07482BDBF9B800DA461E /* RandomBeerVC.swift */,
				FAC648E82BE11B37001231E2 /* DetailVC.swift */,
			);
			path = Controllers;
			sourceTree = "<group>";
		};
		FADA07502BDD548A00DA461E /* Networking */ = {
			isa = PBXGroup;
			children = (
				FADA074A2BDBFB4300DA461E /* BeerListVcRequest.swift */,
			);
			path = Networking;
			sourceTree = "<group>";
		};
/* End PBXGroup section */

/* Begin PBXNativeTarget section */
		FADA071D2BDBE7B100DA461E /* AlexBeerShop_MVP */ = {
			isa = PBXNativeTarget;
			buildConfigurationList = FADA07322BDBE7B600DA461E /* Build configuration list for PBXNativeTarget "AlexBeerShop_MVP" */;
			buildPhases = (
				FADA071A2BDBE7B100DA461E /* Sources */,
				FADA071B2BDBE7B100DA461E /* Frameworks */,
				FADA071C2BDBE7B100DA461E /* Resources */,
			);
			buildRules = (
			);
			dependencies = (
			);
			name = AlexBeerShop_MVP;
			packageProductDependencies = (
				FAF51E142BF8ED5500516FA4 /* SnapKit */,
				FAF51E172BF8ED6000516FA4 /* Kingfisher */,
			);
			productName = AlexBeerShop_MVP;
			productReference = FADA071E2BDBE7B100DA461E /* AlexBeerShop_MVP.app */;
			productType = "com.apple.product-type.application";
		};
/* End PBXNativeTarget section */

/* Begin PBXProject section */
		FADA07162BDBE7B100DA461E /* Project object */ = {
			isa = PBXProject;
			attributes = {
				BuildIndependentTargetsInParallel = 1;
				LastSwiftUpdateCheck = 1530;
				LastUpgradeCheck = 1530;
				TargetAttributes = {
					FADA071D2BDBE7B100DA461E = {
						CreatedOnToolsVersion = 15.3;
					};
				};
			};
			buildConfigurationList = FADA07192BDBE7B100DA461E /* Build configuration list for PBXProject "AlexBeerShop_MVP" */;
			compatibilityVersion = "Xcode 14.0";
			developmentRegion = en;
			hasScannedForEncodings = 0;
			knownRegions = (
				en,
				Base,
			);
			mainGroup = FADA07152BDBE7B100DA461E;
			packageReferences = (
				FAF51E132BF8ED5500516FA4 /* XCRemoteSwiftPackageReference "SnapKit" */,
				FAF51E162BF8ED6000516FA4 /* XCRemoteSwiftPackageReference "Kingfisher" */,
			);
			productRefGroup = FADA071F2BDBE7B100DA461E /* Products */;
			projectDirPath = "";
			projectRoot = "";
			targets = (
				FADA071D2BDBE7B100DA461E /* AlexBeerShop_MVP */,
			);
		};
/* End PBXProject section */

/* Begin PBXResourcesBuildPhase section */
		FADA071C2BDBE7B100DA461E /* Resources */ = {
			isa = PBXResourcesBuildPhase;
			buildActionMask = 2147483647;
			files = (
				FADA07432BDBF92E00DA461E /* BeerDataSet.json in Resources */,
				FADA072B2BDBE7B600DA461E /* Assets.xcassets in Resources */,
				FADA072E2BDBE7B600DA461E /* Base in Resources */,
			);
			runOnlyForDeploymentPostprocessing = 0;
		};
/* End PBXResourcesBuildPhase section */

/* Begin PBXSourcesBuildPhase section */
		FADA071A2BDBE7B100DA461E /* Sources */ = {
			isa = PBXSourcesBuildPhase;
			buildActionMask = 2147483647;
			files = (
				FADA07522BDD54A600DA461E /* BeersModel.swift in Sources */,
				FADA074B2BDBFB4300DA461E /* BeerListVcRequest.swift in Sources */,
				FAC648EF2BE12593001231E2 /* RandomVCPresenter.swift in Sources */,
				FAC648E92BE11B37001231E2 /* DetailVC.swift in Sources */,
				FAC648EB2BE11C05001231E2 /* DetailBeerView.swift in Sources */,
				FADA07262BDBE7B100DA461E /* TabBarController.swift in Sources */,
				FADA07472BDBF9A500DA461E /* SearchVC.swift in Sources */,
				FADA07222BDBE7B100DA461E /* AppDelegate.swift in Sources */,
				FADA07492BDBF9B800DA461E /* RandomBeerVC.swift in Sources */,
				FADA07452BDBF99300DA461E /* BeersListVC.swift in Sources */,
				FADA07242BDBE7B100DA461E /* SceneDelegate.swift in Sources */,
				FADA07542BDD54EE00DA461E /* BeerListPresenter.swift in Sources */,
				FAC648ED2BE11D79001231E2 /* SearchVCPresenter.swift in Sources */,
				FADA074F2BDBFD3900DA461E /* BeerCell.swift in Sources */,
			);
			runOnlyForDeploymentPostprocessing = 0;
		};
/* End PBXSourcesBuildPhase section */

/* Begin PBXVariantGroup section */
		FADA072C2BDBE7B600DA461E /* LaunchScreen.storyboard */ = {
			isa = PBXVariantGroup;
			children = (
				FADA072D2BDBE7B600DA461E /* Base */,
			);
			name = LaunchScreen.storyboard;
			sourceTree = "<group>";
		};
/* End PBXVariantGroup section */

/* Begin XCBuildConfiguration section */
		FADA07302BDBE7B600DA461E /* Debug */ = {
			isa = XCBuildConfiguration;
			buildSettings = {
				ALWAYS_SEARCH_USER_PATHS = NO;
				ASSETCATALOG_COMPILER_GENERATE_SWIFT_ASSET_SYMBOL_EXTENSIONS = YES;
				CLANG_ANALYZER_NONNULL = YES;
				CLANG_ANALYZER_NUMBER_OBJECT_CONVERSION = YES_AGGRESSIVE;
				CLANG_CXX_LANGUAGE_STANDARD = "gnu++20";
				CLANG_ENABLE_MODULES = YES;
				CLANG_ENABLE_OBJC_ARC = YES;
				CLANG_ENABLE_OBJC_WEAK = YES;
				CLANG_WARN_BLOCK_CAPTURE_AUTORELEASING = YES;
				CLANG_WARN_BOOL_CONVERSION = YES;
				CLANG_WARN_COMMA = YES;
				CLANG_WARN_CONSTANT_CONVERSION = YES;
				CLANG_WARN_DEPRECATED_OBJC_IMPLEMENTATIONS = YES;
				CLANG_WARN_DIRECT_OBJC_ISA_USAGE = YES_ERROR;
				CLANG_WARN_DOCUMENTATION_COMMENTS = YES;
				CLANG_WARN_EMPTY_BODY = YES;
				CLANG_WARN_ENUM_CONVERSION = YES;
				CLANG_WARN_INFINITE_RECURSION = YES;
				CLANG_WARN_INT_CONVERSION = YES;
				CLANG_WARN_NON_LITERAL_NULL_CONVERSION = YES;
				CLANG_WARN_OBJC_IMPLICIT_RETAIN_SELF = YES;
				CLANG_WARN_OBJC_LITERAL_CONVERSION = YES;
				CLANG_WARN_OBJC_ROOT_CLASS = YES_ERROR;
				CLANG_WARN_QUOTED_INCLUDE_IN_FRAMEWORK_HEADER = YES;
				CLANG_WARN_RANGE_LOOP_ANALYSIS = YES;
				CLANG_WARN_STRICT_PROTOTYPES = YES;
				CLANG_WARN_SUSPICIOUS_MOVE = YES;
				CLANG_WARN_UNGUARDED_AVAILABILITY = YES_AGGRESSIVE;
				CLANG_WARN_UNREACHABLE_CODE = YES;
				CLANG_WARN__DUPLICATE_METHOD_MATCH = YES;
				COPY_PHASE_STRIP = NO;
				DEBUG_INFORMATION_FORMAT = dwarf;
				ENABLE_STRICT_OBJC_MSGSEND = YES;
				ENABLE_TESTABILITY = YES;
				ENABLE_USER_SCRIPT_SANDBOXING = YES;
				GCC_C_LANGUAGE_STANDARD = gnu17;
				GCC_DYNAMIC_NO_PIC = NO;
				GCC_NO_COMMON_BLOCKS = YES;
				GCC_OPTIMIZATION_LEVEL = 0;
				GCC_PREPROCESSOR_DEFINITIONS = (
					"DEBUG=1",
					"$(inherited)",
				);
				GCC_WARN_64_TO_32_BIT_CONVERSION = YES;
				GCC_WARN_ABOUT_RETURN_TYPE = YES_ERROR;
				GCC_WARN_UNDECLARED_SELECTOR = YES;
				GCC_WARN_UNINITIALIZED_AUTOS = YES_AGGRESSIVE;
				GCC_WARN_UNUSED_FUNCTION = YES;
				GCC_WARN_UNUSED_VARIABLE = YES;
				IPHONEOS_DEPLOYMENT_TARGET = 16.0;
				LOCALIZATION_PREFERS_STRING_CATALOGS = YES;
				MTL_ENABLE_DEBUG_INFO = INCLUDE_SOURCE;
				MTL_FAST_MATH = YES;
				ONLY_ACTIVE_ARCH = YES;
				SDKROOT = iphoneos;
				SWIFT_ACTIVE_COMPILATION_CONDITIONS = "DEBUG $(inherited)";
				SWIFT_OPTIMIZATION_LEVEL = "-Onone";
			};
			name = Debug;
		};
		FADA07312BDBE7B600DA461E /* Release */ = {
			isa = XCBuildConfiguration;
			buildSettings = {
				ALWAYS_SEARCH_USER_PATHS = NO;
				ASSETCATALOG_COMPILER_GENERATE_SWIFT_ASSET_SYMBOL_EXTENSIONS = YES;
				CLANG_ANALYZER_NONNULL = YES;
				CLANG_ANALYZER_NUMBER_OBJECT_CONVERSION = YES_AGGRESSIVE;
				CLANG_CXX_LANGUAGE_STANDARD = "gnu++20";
				CLANG_ENABLE_MODULES = YES;
				CLANG_ENABLE_OBJC_ARC = YES;
				CLANG_ENABLE_OBJC_WEAK = YES;
				CLANG_WARN_BLOCK_CAPTURE_AUTORELEASING = YES;
				CLANG_WARN_BOOL_CONVERSION = YES;
				CLANG_WARN_COMMA = YES;
				CLANG_WARN_CONSTANT_CONVERSION = YES;
				CLANG_WARN_DEPRECATED_OBJC_IMPLEMENTATIONS = YES;
				CLANG_WARN_DIRECT_OBJC_ISA_USAGE = YES_ERROR;
				CLANG_WARN_DOCUMENTATION_COMMENTS = YES;
				CLANG_WARN_EMPTY_BODY = YES;
				CLANG_WARN_ENUM_CONVERSION = YES;
				CLANG_WARN_INFINITE_RECURSION = YES;
				CLANG_WARN_INT_CONVERSION = YES;
				CLANG_WARN_NON_LITERAL_NULL_CONVERSION = YES;
				CLANG_WARN_OBJC_IMPLICIT_RETAIN_SELF = YES;
				CLANG_WARN_OBJC_LITERAL_CONVERSION = YES;
				CLANG_WARN_OBJC_ROOT_CLASS = YES_ERROR;
				CLANG_WARN_QUOTED_INCLUDE_IN_FRAMEWORK_HEADER = YES;
				CLANG_WARN_RANGE_LOOP_ANALYSIS = YES;
				CLANG_WARN_STRICT_PROTOTYPES = YES;
				CLANG_WARN_SUSPICIOUS_MOVE = YES;
				CLANG_WARN_UNGUARDED_AVAILABILITY = YES_AGGRESSIVE;
				CLANG_WARN_UNREACHABLE_CODE = YES;
				CLANG_WARN__DUPLICATE_METHOD_MATCH = YES;
				COPY_PHASE_STRIP = NO;
				DEBUG_INFORMATION_FORMAT = "dwarf-with-dsym";
				ENABLE_NS_ASSERTIONS = NO;
				ENABLE_STRICT_OBJC_MSGSEND = YES;
				ENABLE_USER_SCRIPT_SANDBOXING = YES;
				GCC_C_LANGUAGE_STANDARD = gnu17;
				GCC_NO_COMMON_BLOCKS = YES;
				GCC_WARN_64_TO_32_BIT_CONVERSION = YES;
				GCC_WARN_ABOUT_RETURN_TYPE = YES_ERROR;
				GCC_WARN_UNDECLARED_SELECTOR = YES;
				GCC_WARN_UNINITIALIZED_AUTOS = YES_AGGRESSIVE;
				GCC_WARN_UNUSED_FUNCTION = YES;
				GCC_WARN_UNUSED_VARIABLE = YES;
				IPHONEOS_DEPLOYMENT_TARGET = 16.0;
				LOCALIZATION_PREFERS_STRING_CATALOGS = YES;
				MTL_ENABLE_DEBUG_INFO = NO;
				MTL_FAST_MATH = YES;
				SDKROOT = iphoneos;
				SWIFT_COMPILATION_MODE = wholemodule;
				VALIDATE_PRODUCT = YES;
			};
			name = Release;
		};
		FADA07332BDBE7B600DA461E /* Debug */ = {
			isa = XCBuildConfiguration;
			buildSettings = {
				ASSETCATALOG_COMPILER_APPICON_NAME = AppIcon;
				ASSETCATALOG_COMPILER_GLOBAL_ACCENT_COLOR_NAME = AccentColor;
				CODE_SIGN_STYLE = Automatic;
				CURRENT_PROJECT_VERSION = 1;
				GENERATE_INFOPLIST_FILE = YES;
				INFOPLIST_FILE = AlexBeerShop_MVP/Info.plist;
				INFOPLIST_KEY_UIApplicationSupportsIndirectInputEvents = YES;
				INFOPLIST_KEY_UILaunchStoryboardName = LaunchScreen;
				INFOPLIST_KEY_UIMainStoryboardFile = "";
				INFOPLIST_KEY_UISupportedInterfaceOrientations = UIInterfaceOrientationPortrait;
				INFOPLIST_KEY_UISupportedInterfaceOrientations_iPad = "UIInterfaceOrientationLandscapeLeft UIInterfaceOrientationLandscapeRight UIInterfaceOrientationPortrait UIInterfaceOrientationPortraitUpsideDown";
				IPHONEOS_DEPLOYMENT_TARGET = 16.0;
				LD_RUNPATH_SEARCH_PATHS = (
					"$(inherited)",
					"@executable_path/Frameworks",
				);
				MARKETING_VERSION = 1.0;
				PRODUCT_BUNDLE_IDENTIFIER = "alex.AlexBeerShop-MVP";
				PRODUCT_NAME = "$(TARGET_NAME)";
				SUPPORTED_PLATFORMS = "iphoneos iphonesimulator";
				SUPPORTS_MACCATALYST = NO;
				SUPPORTS_MAC_DESIGNED_FOR_IPHONE_IPAD = NO;
				SUPPORTS_XR_DESIGNED_FOR_IPHONE_IPAD = NO;
				SWIFT_EMIT_LOC_STRINGS = YES;
				SWIFT_VERSION = 5.0;
				TARGETED_DEVICE_FAMILY = 1;
			};
			name = Debug;
		};
		FADA07342BDBE7B600DA461E /* Release */ = {
			isa = XCBuildConfiguration;
			buildSettings = {
				ASSETCATALOG_COMPILER_APPICON_NAME = AppIcon;
				ASSETCATALOG_COMPILER_GLOBAL_ACCENT_COLOR_NAME = AccentColor;
				CODE_SIGN_STYLE = Automatic;
				CURRENT_PROJECT_VERSION = 1;
				GENERATE_INFOPLIST_FILE = YES;
				INFOPLIST_FILE = AlexBeerShop_MVP/Info.plist;
				INFOPLIST_KEY_UIApplicationSupportsIndirectInputEvents = YES;
				INFOPLIST_KEY_UILaunchStoryboardName = LaunchScreen;
				INFOPLIST_KEY_UIMainStoryboardFile = "";
				INFOPLIST_KEY_UISupportedInterfaceOrientations = UIInterfaceOrientationPortrait;
				INFOPLIST_KEY_UISupportedInterfaceOrientations_iPad = "UIInterfaceOrientationLandscapeLeft UIInterfaceOrientationLandscapeRight UIInterfaceOrientationPortrait UIInterfaceOrientationPortraitUpsideDown";
				IPHONEOS_DEPLOYMENT_TARGET = 16.0;
				LD_RUNPATH_SEARCH_PATHS = (
					"$(inherited)",
					"@executable_path/Frameworks",
				);
				MARKETING_VERSION = 1.0;
				PRODUCT_BUNDLE_IDENTIFIER = "alex.AlexBeerShop-MVP";
				PRODUCT_NAME = "$(TARGET_NAME)";
				SUPPORTED_PLATFORMS = "iphoneos iphonesimulator";
				SUPPORTS_MACCATALYST = NO;
				SUPPORTS_MAC_DESIGNED_FOR_IPHONE_IPAD = NO;
				SUPPORTS_XR_DESIGNED_FOR_IPHONE_IPAD = NO;
				SWIFT_EMIT_LOC_STRINGS = YES;
				SWIFT_VERSION = 5.0;
				TARGETED_DEVICE_FAMILY = 1;
			};
			name = Release;
		};
/* End XCBuildConfiguration section */

/* Begin XCConfigurationList section */
		FADA07192BDBE7B100DA461E /* Build configuration list for PBXProject "AlexBeerShop_MVP" */ = {
			isa = XCConfigurationList;
			buildConfigurations = (
				FADA07302BDBE7B600DA461E /* Debug */,
				FADA07312BDBE7B600DA461E /* Release */,
			);
			defaultConfigurationIsVisible = 0;
			defaultConfigurationName = Release;
		};
		FADA07322BDBE7B600DA461E /* Build configuration list for PBXNativeTarget "AlexBeerShop_MVP" */ = {
			isa = XCConfigurationList;
			buildConfigurations = (
				FADA07332BDBE7B600DA461E /* Debug */,
				FADA07342BDBE7B600DA461E /* Release */,
			);
			defaultConfigurationIsVisible = 0;
			defaultConfigurationName = Release;
		};
/* End XCConfigurationList section */

/* Begin XCRemoteSwiftPackageReference section */
		FAF51E132BF8ED5500516FA4 /* XCRemoteSwiftPackageReference "SnapKit" */ = {
			isa = XCRemoteSwiftPackageReference;
			repositoryURL = "https://github.com/SnapKit/SnapKit";
			requirement = {
				kind = upToNextMajorVersion;
				minimumVersion = 5.7.1;
			};
		};
		FAF51E162BF8ED6000516FA4 /* XCRemoteSwiftPackageReference "Kingfisher" */ = {
			isa = XCRemoteSwiftPackageReference;
			repositoryURL = "https://github.com/onevcat/Kingfisher";
			requirement = {
				kind = upToNextMajorVersion;
				minimumVersion = 7.11.0;
			};
		};
/* End XCRemoteSwiftPackageReference section */

/* Begin XCSwiftPackageProductDependency section */
		FAF51E142BF8ED5500516FA4 /* SnapKit */ = {
			isa = XCSwiftPackageProductDependency;
			package = FAF51E132BF8ED5500516FA4 /* XCRemoteSwiftPackageReference "SnapKit" */;
			productName = SnapKit;
		};
		FAF51E172BF8ED6000516FA4 /* Kingfisher */ = {
			isa = XCSwiftPackageProductDependency;
			package = FAF51E162BF8ED6000516FA4 /* XCRemoteSwiftPackageReference "Kingfisher" */;
			productName = Kingfisher;
		};
/* End XCSwiftPackageProductDependency section */
	};
	rootObject = FADA07162BDBE7B100DA461E /* Project object */;
}
